// !$*UTF8*$!
{
	archiveVersion = 1;
	classes = {
	};
	objectVersion = 46;
	objects = {

/* Begin PBXBuildFile section */
		53022CEC1B60F58E0005EF38 /* main.m in Sources */ = {isa = PBXBuildFile; fileRef = 53022CEB1B60F58E0005EF38 /* main.m */; };
		53022CEF1B60F58E0005EF38 /* AppDelegate.m in Sources */ = {isa = PBXBuildFile; fileRef = 53022CEE1B60F58E0005EF38 /* AppDelegate.m */; };
		53022CF21B60F58E0005EF38 /* ViewController.m in Sources */ = {isa = PBXBuildFile; fileRef = 53022CF11B60F58E0005EF38 /* ViewController.m */; };
		53022CF51B60F58E0005EF38 /* Main.storyboard in Resources */ = {isa = PBXBuildFile; fileRef = 53022CF31B60F58E0005EF38 /* Main.storyboard */; };
		53022CF71B60F58E0005EF38 /* Images.xcassets in Resources */ = {isa = PBXBuildFile; fileRef = 53022CF61B60F58E0005EF38 /* Images.xcassets */; };
		53022CFA1B60F58E0005EF38 /* LaunchScreen.xib in Resources */ = {isa = PBXBuildFile; fileRef = 53022CF81B60F58E0005EF38 /* LaunchScreen.xib */; };
		53022D161B60F8270005EF38 /* CardTestCase.m in Sources */ = {isa = PBXBuildFile; fileRef = 53022D151B60F8270005EF38 /* CardTestCase.m */; };
		53022D2C1B60FBB50005EF38 /* Card.m in Sources */ = {isa = PBXBuildFile; fileRef = 53022D251B60FBB50005EF38 /* Card.m */; };
		53022D2D1B60FBB50005EF38 /* Deck.m in Sources */ = {isa = PBXBuildFile; fileRef = 53022D271B60FBB50005EF38 /* Deck.m */; };
		53022D2E1B60FBB50005EF38 /* PlayingCard.m in Sources */ = {isa = PBXBuildFile; fileRef = 53022D291B60FBB50005EF38 /* PlayingCard.m */; };
		53022D2F1B60FBB50005EF38 /* PlayingCardDeck.m in Sources */ = {isa = PBXBuildFile; fileRef = 53022D2B1B60FBB50005EF38 /* PlayingCardDeck.m */; };
		53022D311B6102AD0005EF38 /* PlayingCardTestCase.m in Sources */ = {isa = PBXBuildFile; fileRef = 53022D301B6102AD0005EF38 /* PlayingCardTestCase.m */; };
		53022D331B61074B0005EF38 /* DeckTestCase.m in Sources */ = {isa = PBXBuildFile; fileRef = 53022D321B61074B0005EF38 /* DeckTestCase.m */; };
		537EC82C1B611AD400D0778A /* PlayingCardDeckTestCase.m in Sources */ = {isa = PBXBuildFile; fileRef = 537EC82B1B611AD400D0778A /* PlayingCardDeckTestCase.m */; };
/* End PBXBuildFile section */

/* Begin PBXContainerItemProxy section */
		53022D001B60F58E0005EF38 /* PBXContainerItemProxy */ = {
			isa = PBXContainerItemProxy;
			containerPortal = 53022CDE1B60F58E0005EF38 /* Project object */;
			proxyType = 1;
			remoteGlobalIDString = 53022CE51B60F58E0005EF38;
			remoteInfo = UnitTestsCardExample;
		};
/* End PBXContainerItemProxy section */

/* Begin PBXFileReference section */
		53022CE61B60F58E0005EF38 /* UnitTestsCardExample.app */ = {isa = PBXFileReference; explicitFileType = wrapper.application; includeInIndex = 0; path = UnitTestsCardExample.app; sourceTree = BUILT_PRODUCTS_DIR; };
		53022CEA1B60F58E0005EF38 /* Info.plist */ = {isa = PBXFileReference; lastKnownFileType = text.plist.xml; path = Info.plist; sourceTree = "<group>"; };
		53022CEB1B60F58E0005EF38 /* main.m */ = {isa = PBXFileReference; lastKnownFileType = sourcecode.c.objc; path = main.m; sourceTree = "<group>"; };
		53022CED1B60F58E0005EF38 /* AppDelegate.h */ = {isa = PBXFileReference; lastKnownFileType = sourcecode.c.h; path = AppDelegate.h; sourceTree = "<group>"; };
		53022CEE1B60F58E0005EF38 /* AppDelegate.m */ = {isa = PBXFileReference; lastKnownFileType = sourcecode.c.objc; path = AppDelegate.m; sourceTree = "<group>"; };
		53022CF01B60F58E0005EF38 /* ViewController.h */ = {isa = PBXFileReference; lastKnownFileType = sourcecode.c.h; path = ViewController.h; sourceTree = "<group>"; };
		53022CF11B60F58E0005EF38 /* ViewController.m */ = {isa = PBXFileReference; lastKnownFileType = sourcecode.c.objc; path = ViewController.m; sourceTree = "<group>"; };
		53022CF41B60F58E0005EF38 /* Base */ = {isa = PBXFileReference; lastKnownFileType = file.storyboard; name = Base; path = Base.lproj/Main.storyboard; sourceTree = "<group>"; };
		53022CF61B60F58E0005EF38 /* Images.xcassets */ = {isa = PBXFileReference; lastKnownFileType = folder.assetcatalog; path = Images.xcassets; sourceTree = "<group>"; };
		53022CF91B60F58E0005EF38 /* Base */ = {isa = PBXFileReference; lastKnownFileType = file.xib; name = Base; path = Base.lproj/LaunchScreen.xib; sourceTree = "<group>"; };
		53022CFF1B60F58E0005EF38 /* UnitTestsCardExampleTests.xctest */ = {isa = PBXFileReference; explicitFileType = wrapper.cfbundle; includeInIndex = 0; path = UnitTestsCardExampleTests.xctest; sourceTree = BUILT_PRODUCTS_DIR; };
		53022D041B60F58E0005EF38 /* Info.plist */ = {isa = PBXFileReference; lastKnownFileType = text.plist.xml; path = Info.plist; sourceTree = "<group>"; };
		53022D151B60F8270005EF38 /* CardTestCase.m */ = {isa = PBXFileReference; fileEncoding = 4; lastKnownFileType = sourcecode.c.objc; path = CardTestCase.m; sourceTree = "<group>"; };
		53022D241B60FBB50005EF38 /* Card.h */ = {isa = PBXFileReference; fileEncoding = 4; lastKnownFileType = sourcecode.c.h; path = Card.h; sourceTree = "<group>"; };
		53022D251B60FBB50005EF38 /* Card.m */ = {isa = PBXFileReference; fileEncoding = 4; lastKnownFileType = sourcecode.c.objc; path = Card.m; sourceTree = "<group>"; };
		53022D261B60FBB50005EF38 /* Deck.h */ = {isa = PBXFileReference; fileEncoding = 4; lastKnownFileType = sourcecode.c.h; path = Deck.h; sourceTree = "<group>"; };
		53022D271B60FBB50005EF38 /* Deck.m */ = {isa = PBXFileReference; fileEncoding = 4; lastKnownFileType = sourcecode.c.objc; path = Deck.m; sourceTree = "<group>"; };
		53022D281B60FBB50005EF38 /* PlayingCard.h */ = {isa = PBXFileReference; fileEncoding = 4; lastKnownFileType = sourcecode.c.h; path = PlayingCard.h; sourceTree = "<group>"; };
		53022D291B60FBB50005EF38 /* PlayingCard.m */ = {isa = PBXFileReference; fileEncoding = 4; lastKnownFileType = sourcecode.c.objc; path = PlayingCard.m; sourceTree = "<group>"; };
		53022D2A1B60FBB50005EF38 /* PlayingCardDeck.h */ = {isa = PBXFileReference; fileEncoding = 4; lastKnownFileType = sourcecode.c.h; path = PlayingCardDeck.h; sourceTree = "<group>"; };
		53022D2B1B60FBB50005EF38 /* PlayingCardDeck.m */ = {isa = PBXFileReference; fileEncoding = 4; lastKnownFileType = sourcecode.c.objc; path = PlayingCardDeck.m; sourceTree = "<group>"; };
		53022D301B6102AD0005EF38 /* PlayingCardTestCase.m */ = {isa = PBXFileReference; fileEncoding = 4; lastKnownFileType = sourcecode.c.objc; path = PlayingCardTestCase.m; sourceTree = "<group>"; };
		53022D321B61074B0005EF38 /* DeckTestCase.m */ = {isa = PBXFileReference; fileEncoding = 4; lastKnownFileType = sourcecode.c.objc; path = DeckTestCase.m; sourceTree = "<group>"; };
		537EC82B1B611AD400D0778A /* PlayingCardDeckTestCase.m */ = {isa = PBXFileReference; fileEncoding = 4; lastKnownFileType = sourcecode.c.objc; path = PlayingCardDeckTestCase.m; sourceTree = "<group>"; };
/* End PBXFileReference section */

/* Begin PBXFrameworksBuildPhase section */
		53022CE31B60F58E0005EF38 /* Frameworks */ = {
			isa = PBXFrameworksBuildPhase;
			buildActionMask = 2147483647;
			files = (
			);
			runOnlyForDeploymentPostprocessing = 0;
		};
		53022CFC1B60F58E0005EF38 /* Frameworks */ = {
			isa = PBXFrameworksBuildPhase;
			buildActionMask = 2147483647;
			files = (
			);
			runOnlyForDeploymentPostprocessing = 0;
		};
/* End PBXFrameworksBuildPhase section */

/* Begin PBXGroup section */
		53022CDD1B60F58E0005EF38 = {
			isa = PBXGroup;
			children = (
				53022CE81B60F58E0005EF38 /* UnitTestsCardExample */,
				53022D021B60F58E0005EF38 /* UnitTestsCardExampleTests */,
				53022CE71B60F58E0005EF38 /* Products */,
			);
			sourceTree = "<group>";
		};
		53022CE71B60F58E0005EF38 /* Products */ = {
			isa = PBXGroup;
			children = (
				53022CE61B60F58E0005EF38 /* UnitTestsCardExample.app */,
				53022CFF1B60F58E0005EF38 /* UnitTestsCardExampleTests.xctest */,
			);
			name = Products;
			sourceTree = "<group>";
		};
		53022CE81B60F58E0005EF38 /* UnitTestsCardExample */ = {
			isa = PBXGroup;
			children = (
				53022D171B60FB490005EF38 /* Models */,
				53022CED1B60F58E0005EF38 /* AppDelegate.h */,
				53022CEE1B60F58E0005EF38 /* AppDelegate.m */,
				53022CF01B60F58E0005EF38 /* ViewController.h */,
				53022CF11B60F58E0005EF38 /* ViewController.m */,
				53022CF31B60F58E0005EF38 /* Main.storyboard */,
				53022CF61B60F58E0005EF38 /* Images.xcassets */,
				53022CF81B60F58E0005EF38 /* LaunchScreen.xib */,
				53022CE91B60F58E0005EF38 /* Supporting Files */,
			);
			path = UnitTestsCardExample;
			sourceTree = "<group>";
		};
		53022CE91B60F58E0005EF38 /* Supporting Files */ = {
			isa = PBXGroup;
			children = (
				53022CEA1B60F58E0005EF38 /* Info.plist */,
				53022CEB1B60F58E0005EF38 /* main.m */,
			);
			name = "Supporting Files";
			sourceTree = "<group>";
		};
		53022D021B60F58E0005EF38 /* UnitTestsCardExampleTests */ = {
			isa = PBXGroup;
			children = (
				53022D151B60F8270005EF38 /* CardTestCase.m */,
				53022D301B6102AD0005EF38 /* PlayingCardTestCase.m */,
				53022D321B61074B0005EF38 /* DeckTestCase.m */,
				537EC82B1B611AD400D0778A /* PlayingCardDeckTestCase.m */,
				53022D031B60F58E0005EF38 /* Supporting Files */,
			);
			path = UnitTestsCardExampleTests;
			sourceTree = "<group>";
		};
		53022D031B60F58E0005EF38 /* Supporting Files */ = {
			isa = PBXGroup;
			children = (
				53022D041B60F58E0005EF38 /* Info.plist */,
			);
			name = "Supporting Files";
			sourceTree = "<group>";
		};
		53022D171B60FB490005EF38 /* Models */ = {
			isa = PBXGroup;
			children = (
				53022D241B60FBB50005EF38 /* Card.h */,
				53022D251B60FBB50005EF38 /* Card.m */,
				53022D261B60FBB50005EF38 /* Deck.h */,
				53022D271B60FBB50005EF38 /* Deck.m */,
				53022D281B60FBB50005EF38 /* PlayingCard.h */,
				53022D291B60FBB50005EF38 /* PlayingCard.m */,
				53022D2A1B60FBB50005EF38 /* PlayingCardDeck.h */,
				53022D2B1B60FBB50005EF38 /* PlayingCardDeck.m */,
			);
			name = Models;
			sourceTree = "<group>";
		};
/* End PBXGroup section */

/* Begin PBXNativeTarget section */
		53022CE51B60F58E0005EF38 /* UnitTestsCardExample */ = {
			isa = PBXNativeTarget;
			buildConfigurationList = 53022D091B60F58E0005EF38 /* Build configuration list for PBXNativeTarget "UnitTestsCardExample" */;
			buildPhases = (
				53022CE21B60F58E0005EF38 /* Sources */,
				53022CE31B60F58E0005EF38 /* Frameworks */,
				53022CE41B60F58E0005EF38 /* Resources */,
			);
			buildRules = (
			);
			dependencies = (
			);
			name = UnitTestsCardExample;
			productName = UnitTestsCardExample;
			productReference = 53022CE61B60F58E0005EF38 /* UnitTestsCardExample.app */;
			productType = "com.apple.product-type.application";
		};
		53022CFE1B60F58E0005EF38 /* UnitTestsCardExampleTests */ = {
			isa = PBXNativeTarget;
			buildConfigurationList = 53022D0C1B60F58E0005EF38 /* Build configuration list for PBXNativeTarget "UnitTestsCardExampleTests" */;
			buildPhases = (
				53022CFB1B60F58E0005EF38 /* Sources */,
				53022CFC1B60F58E0005EF38 /* Frameworks */,
				53022CFD1B60F58E0005EF38 /* Resources */,
			);
			buildRules = (
			);
			dependencies = (
				53022D011B60F58E0005EF38 /* PBXTargetDependency */,
			);
			name = UnitTestsCardExampleTests;
			productName = UnitTestsCardExampleTests;
			productReference = 53022CFF1B60F58E0005EF38 /* UnitTestsCardExampleTests.xctest */;
			productType = "com.apple.product-type.bundle.unit-test";
		};
/* End PBXNativeTarget section */

/* Begin PBXProject section */
		53022CDE1B60F58E0005EF38 /* Project object */ = {
			isa = PBXProject;
			attributes = {
				LastUpgradeCheck = 0640;
				ORGANIZATIONNAME = "Jusung Kye";
				TargetAttributes = {
					53022CE51B60F58E0005EF38 = {
						CreatedOnToolsVersion = 6.4;
					};
					53022CFE1B60F58E0005EF38 = {
						CreatedOnToolsVersion = 6.4;
						TestTargetID = 53022CE51B60F58E0005EF38;
					};
				};
			};
			buildConfigurationList = 53022CE11B60F58E0005EF38 /* Build configuration list for PBXProject "UnitTestsCardExample" */;
			compatibilityVersion = "Xcode 3.2";
			developmentRegion = English;
			hasScannedForEncodings = 0;
			knownRegions = (
				en,
				Base,
			);
			mainGroup = 53022CDD1B60F58E0005EF38;
			productRefGroup = 53022CE71B60F58E0005EF38 /* Products */;
			projectDirPath = "";
			projectRoot = "";
			targets = (
				53022CE51B60F58E0005EF38 /* UnitTestsCardExample */,
				53022CFE1B60F58E0005EF38 /* UnitTestsCardExampleTests */,
			);
		};
/* End PBXProject section */

/* Begin PBXResourcesBuildPhase section */
		53022CE41B60F58E0005EF38 /* Resources */ = {
			isa = PBXResourcesBuildPhase;
			buildActionMask = 2147483647;
			files = (
				53022CF51B60F58E0005EF38 /* Main.storyboard in Resources */,
				53022CFA1B60F58E0005EF38 /* LaunchScreen.xib in Resources */,
				53022CF71B60F58E0005EF38 /* Images.xcassets in Resources */,
			);
			runOnlyForDeploymentPostprocessing = 0;
		};
		53022CFD1B60F58E0005EF38 /* Resources */ = {
			isa = PBXResourcesBuildPhase;
			buildActionMask = 2147483647;
			files = (
			);
			runOnlyForDeploymentPostprocessing = 0;
		};
/* End PBXResourcesBuildPhase section */

/* Begin PBXSourcesBuildPhase section */
		53022CE21B60F58E0005EF38 /* Sources */ = {
			isa = PBXSourcesBuildPhase;
			buildActionMask = 2147483647;
			files = (
				53022D2E1B60FBB50005EF38 /* PlayingCard.m in Sources */,
				53022D2D1B60FBB50005EF38 /* Deck.m in Sources */,
				53022CF21B60F58E0005EF38 /* ViewController.m in Sources */,
				53022CEF1B60F58E0005EF38 /* AppDelegate.m in Sources */,
				53022D2F1B60FBB50005EF38 /* PlayingCardDeck.m in Sources */,
				53022CEC1B60F58E0005EF38 /* main.m in Sources */,
				53022D2C1B60FBB50005EF38 /* Card.m in Sources */,
			);
			runOnlyForDeploymentPostprocessing = 0;
		};
		53022CFB1B60F58E0005EF38 /* Sources */ = {
			isa = PBXSourcesBuildPhase;
			buildActionMask = 2147483647;
			files = (
				53022D311B6102AD0005EF38 /* PlayingCardTestCase.m in Sources */,
				537EC82C1B611AD400D0778A /* PlayingCardDeckTestCase.m in Sources */,
				53022D331B61074B0005EF38 /* DeckTestCase.m in Sources */,
				53022D161B60F8270005EF38 /* CardTestCase.m in Sources */,
			);
			runOnlyForDeploymentPostprocessing = 0;
		};
/* End PBXSourcesBuildPhase section */

/* Begin PBXTargetDependency section */
		53022D011B60F58E0005EF38 /* PBXTargetDependency */ = {
			isa = PBXTargetDependency;
			target = 53022CE51B60F58E0005EF38 /* UnitTestsCardExample */;
			targetProxy = 53022D001B60F58E0005EF38 /* PBXContainerItemProxy */;
		};
/* End PBXTargetDependency section */

/* Begin PBXVariantGroup section */
		53022CF31B60F58E0005EF38 /* Main.storyboard */ = {
			isa = PBXVariantGroup;
			children = (
				53022CF41B60F58E0005EF38 /* Base */,
			);
			name = Main.storyboard;
			sourceTree = "<group>";
		};
		53022CF81B60F58E0005EF38 /* LaunchScreen.xib */ = {
			isa = PBXVariantGroup;
			children = (
				53022CF91B60F58E0005EF38 /* Base */,
			);
			name = LaunchScreen.xib;
			sourceTree = "<group>";
		};
/* End PBXVariantGroup section */

/* Begin XCBuildConfiguration section */
		53022D071B60F58E0005EF38 /* Debug */ = {
			isa = XCBuildConfiguration;
			buildSettings = {
				ALWAYS_SEARCH_USER_PATHS = NO;
				CLANG_CXX_LANGUAGE_STANDARD = "gnu++0x";
				CLANG_CXX_LIBRARY = "libc++";
				CLANG_ENABLE_MODULES = YES;
				CLANG_ENABLE_OBJC_ARC = YES;
				CLANG_WARN_BOOL_CONVERSION = YES;
				CLANG_WARN_CONSTANT_CONVERSION = YES;
				CLANG_WARN_DIRECT_OBJC_ISA_USAGE = YES_ERROR;
				CLANG_WARN_EMPTY_BODY = YES;
				CLANG_WARN_ENUM_CONVERSION = YES;
				CLANG_WARN_INT_CONVERSION = YES;
				CLANG_WARN_OBJC_ROOT_CLASS = YES_ERROR;
				CLANG_WARN_UNREACHABLE_CODE = YES;
				CLANG_WARN__DUPLICATE_METHOD_MATCH = YES;
				"CODE_SIGN_IDENTITY[sdk=iphoneos*]" = "iPhone Developer";
				COPY_PHASE_STRIP = NO;
				DEBUG_INFORMATION_FORMAT = "dwarf-with-dsym";
				ENABLE_STRICT_OBJC_MSGSEND = YES;
				GCC_C_LANGUAGE_STANDARD = gnu99;
				GCC_DYNAMIC_NO_PIC = NO;
				GCC_NO_COMMON_BLOCKS = YES;
				GCC_OPTIMIZATION_LEVEL = 0;
				GCC_PREPROCESSOR_DEFINITIONS = (
					"DEBUG=1",
					"$(inherited)",
				);
				GCC_SYMBOLS_PRIVATE_EXTERN = NO;
				GCC_WARN_64_TO_32_BIT_CONVERSION = YES;
				GCC_WARN_ABOUT_RETURN_TYPE = YES_ERROR;
				GCC_WARN_UNDECLARED_SELECTOR = YES;
				GCC_WARN_UNINITIALIZED_AUTOS = YES_AGGRESSIVE;
				GCC_WARN_UNUSED_FUNCTION = YES;
				GCC_WARN_UNUSED_VARIABLE = YES;
				IPHONEOS_DEPLOYMENT_TARGET = 8.4;
				MTL_ENABLE_DEBUG_INFO = YES;
				ONLY_ACTIVE_ARCH = YES;
				SDKROOT = iphoneos;
			};
			name = Debug;
		};
		53022D081B60F58E0005EF38 /* Release */ = {
			isa = XCBuildConfiguration;
			buildSettings = {
				ALWAYS_SEARCH_USER_PATHS = NO;
				CLANG_CXX_LANGUAGE_STANDARD = "gnu++0x";
				CLANG_CXX_LIBRARY = "libc++";
				CLANG_ENABLE_MODULES = YES;
				CLANG_ENABLE_OBJC_ARC = YES;
				CLANG_WARN_BOOL_CONVERSION = YES;
				CLANG_WARN_CONSTANT_CONVERSION = YES;
				CLANG_WARN_DIRECT_OBJC_ISA_USAGE = YES_ERROR;
				CLANG_WARN_EMPTY_BODY = YES;
				CLANG_WARN_ENUM_CONVERSION = YES;
				CLANG_WARN_INT_CONVERSION = YES;
				CLANG_WARN_OBJC_ROOT_CLASS = YES_ERROR;
				CLANG_WARN_UNREACHABLE_CODE = YES;
				CLANG_WARN__DUPLICATE_METHOD_MATCH = YES;
				"CODE_SIGN_IDENTITY[sdk=iphoneos*]" = "iPhone Developer";
				COPY_PHASE_STRIP = NO;
				DEBUG_INFORMATION_FORMAT = "dwarf-with-dsym";
				ENABLE_NS_ASSERTIONS = NO;
				ENABLE_STRICT_OBJC_MSGSEND = YES;
				GCC_C_LANGUAGE_STANDARD = gnu99;
				GCC_NO_COMMON_BLOCKS = YES;
				GCC_WARN_64_TO_32_BIT_CONVERSION = YES;
				GCC_WARN_ABOUT_RETURN_TYPE = YES_ERROR;
				GCC_WARN_UNDECLARED_SELECTOR = YES;
				GCC_WARN_UNINITIALIZED_AUTOS = YES_AGGRESSIVE;
				GCC_WARN_UNUSED_FUNCTION = YES;
				GCC_WARN_UNUSED_VARIABLE = YES;
				IPHONEOS_DEPLOYMENT_TARGET = 8.4;
				MTL_ENABLE_DEBUG_INFO = NO;
				SDKROOT = iphoneos;
				VALIDATE_PRODUCT = YES;
			};
			name = Release;
		};
		53022D0A1B60F58E0005EF38 /* Debug */ = {
			isa = XCBuildConfiguration;
			buildSettings = {
				ASSETCATALOG_COMPILER_APPICON_NAME = AppIcon;
				INFOPLIST_FILE = UnitTestsCardExample/Info.plist;
				LD_RUNPATH_SEARCH_PATHS = "$(inherited) @executable_path/Frameworks";
				PRODUCT_NAME = "$(TARGET_NAME)";
			};
			name = Debug;
		};
		53022D0B1B60F58E0005EF38 /* Release */ = {
			isa = XCBuildConfiguration;
			buildSettings = {
				ASSETCATALOG_COMPILER_APPICON_NAME = AppIcon;
				INFOPLIST_FILE = UnitTestsCardExample/Info.plist;
				LD_RUNPATH_SEARCH_PATHS = "$(inherited) @executable_path/Frameworks";
				PRODUCT_NAME = "$(TARGET_NAME)";
			};
			name = Release;
		};
		53022D0D1B60F58E0005EF38 /* Debug */ = {
			isa = XCBuildConfiguration;
			buildSettings = {
				BUNDLE_LOADER = "$(TEST_HOST)";
				FRAMEWORK_SEARCH_PATHS = (
					"$(SDKROOT)/Developer/Library/Frameworks",
					"$(inherited)",
				);
				GCC_PREPROCESSOR_DEFINITIONS = (
					"DEBUG=1",
					"$(inherited)",
				);
				INFOPLIST_FILE = UnitTestsCardExampleTests/Info.plist;
				LD_RUNPATH_SEARCH_PATHS = "$(inherited) @executable_path/Frameworks @loader_path/Frameworks";
				PRODUCT_NAME = "$(TARGET_NAME)";
				TEST_HOST = "$(BUILT_PRODUCTS_DIR)/UnitTestsCardExample.app/UnitTestsCardExample";
			};
			name = Debug;
		};
		53022D0E1B60F58E0005EF38 /* Release */ = {
			isa = XCBuildConfiguration;
			buildSettings = {
				BUNDLE_LOADER = "$(TEST_HOST)";
				FRAMEWORK_SEARCH_PATHS = (
					"$(SDKROOT)/Developer/Library/Frameworks",
					"$(inherited)",
				);
				INFOPLIST_FILE = UnitTestsCardExampleTests/Info.plist;
				LD_RUNPATH_SEARCH_PATHS = "$(inherited) @executable_path/Frameworks @loader_path/Frameworks";
				PRODUCT_NAME = "$(TARGET_NAME)";
				TEST_HOST = "$(BUILT_PRODUCTS_DIR)/UnitTestsCardExample.app/UnitTestsCardExample";
			};
			name = Release;
		};
/* End XCBuildConfiguration section */

/* Begin XCConfigurationList section */
		53022CE11B60F58E0005EF38 /* Build configuration list for PBXProject "UnitTestsCardExample" */ = {
			isa = XCConfigurationList;
			buildConfigurations = (
				53022D071B60F58E0005EF38 /* Debug */,
				53022D081B60F58E0005EF38 /* Release */,
			);
			defaultConfigurationIsVisible = 0;
			defaultConfigurationName = Release;
		};
		53022D091B60F58E0005EF38 /* Build configuration list for PBXNativeTarget "UnitTestsCardExample" */ = {
			isa = XCConfigurationList;
			buildConfigurations = (
				53022D0A1B60F58E0005EF38 /* Debug */,
				53022D0B1B60F58E0005EF38 /* Release */,
			);
			defaultConfigurationIsVisible = 0;
			defaultConfigurationName = Release;
		};
		53022D0C1B60F58E0005EF38 /* Build configuration list for PBXNativeTarget "UnitTestsCardExampleTests" */ = {
			isa = XCConfigurationList;
			buildConfigurations = (
				53022D0D1B60F58E0005EF38 /* Debug */,
				53022D0E1B60F58E0005EF38 /* Release */,
			);
			defaultConfigurationIsVisible = 0;
			defaultConfigurationName = Release;
		};
/* End XCConfigurationList section */
	};
	rootObject = 53022CDE1B60F58E0005EF38 /* Project object */;
}
